
Microsoft Visual Studio Solution File, Format Version 12.00
# Visual Studio Version 17
VisualStudioVersion = 17.10.35004.147
MinimumVisualStudioVersion = 10.0.40219.1
Project("{FAE04EC0-301F-11D3-BF4B-00C04F79EFBC}") = "FrameTester", "FrameTester\FrameTester.csproj", "{5D950E0B-D021-452A-B836-1002365CC2C4}"
EndProject
Project("{FAE04EC0-301F-11D3-BF4B-00C04F79EFBC}") = "FrameHelper", "FrameHelper\FrameHelper.csproj", "{CF7CB748-191D-4813-922A-26A92EC8EF47}"
EndProject
Global
	GlobalSection(SolutionConfigurationPlatforms) = preSolution
		Debug|Any CPU = Debug|Any CPU
		Release|Any CPU = Release|Any CPU
	EndGlobalSection
	GlobalSection(ProjectConfigurationPlatforms) = postSolution
		{5D950E0B-D021-452A-B836-1002365CC2C4}.Debug|Any CPU.ActiveCfg = Debug|Any CPU
		{5D950E0B-D021-452A-B836-1002365CC2C4}.Debug|Any CPU.Build.0 = Debug|Any CPU
		{5D950E0B-D021-452A-B836-1002365CC2C4}.Release|Any CPU.ActiveCfg = Release|Any CPU
		{5D950E0B-D021-452A-B836-1002365CC2C4}.Release|Any CPU.Build.0 = Release|Any CPU
		{CF7CB748-191D-4813-922A-26A92EC8EF47}.Debug|Any CPU.ActiveCfg = Debug|Any CPU
		{CF7CB748-191D-4813-922A-26A92EC8EF47}.Debug|Any CPU.Build.0 = Debug|Any CPU
		{CF7CB748-191D-4813-922A-26A92EC8EF47}.Release|Any CPU.ActiveCfg = Release|Any CPU
		{CF7CB748-191D-4813-922A-26A92EC8EF47}.Release|Any CPU.Build.0 = Release|Any CPU
	EndGlobalSection
	GlobalSection(SolutionProperties) = preSolution
		HideSolutionNode = FALSE
	EndGlobalSection
	GlobalSection(ExtensibilityGlobals) = postSolution
		SolutionGuid = {2675BA38-4104-46FA-9A2A-9CE59B49A9F1}
	EndGlobalSection
EndGlobal
